
Microsoft Visual Studio Solution File, Format Version 12.00
# Visual Studio Version 17
VisualStudioVersion = 17.9.34902.65
MinimumVisualStudioVersion = 10.0.40219.1
Project("{8BC9CEB8-8B4A-11D0-8D11-00A0C91BC942}") = "cheats", "cheats.vcxproj", "{20550449-3092-4DF4-8518-32816CBE0584}"
EndProject
Global
	GlobalSection(SolutionConfigurationPlatforms) = preSolution
		Debug|x64 = Debug|x64
		Debug|x86 = Debug|x86
		Release|x64 = Release|x64
		Release|x86 = Release|x86
	EndGlobalSection
	GlobalSection(ProjectConfigurationPlatforms) = postSolution
		{20550449-3092-4DF4-8518-32816CBE0584}.Debug|x64.ActiveCfg = Debug|x64
		{20550449-3092-4DF4-8518-32816CBE0584}.Debug|x64.Build.0 = Debug|x64
		{20550449-3092-4DF4-8518-32816CBE0584}.Debug|x86.ActiveCfg = Debug|Win32
		{20550449-3092-4DF4-8518-32816CBE0584}.Debug|x86.Build.0 = Debug|Win32
		{20550449-3092-4DF4-8518-32816CBE0584}.Release|x64.ActiveCfg = Release|x64
		{20550449-3092-4DF4-8518-32816CBE0584}.Release|x64.Build.0 = Release|x64
		{20550449-3092-4DF4-8518-32816CBE0584}.Release|x86.ActiveCfg = Release|Win32
		{20550449-3092-4DF4-8518-32816CBE0584}.Release|x86.Build.0 = Release|Win32
	EndGlobalSection
	GlobalSection(SolutionProperties) = preSolution
		HideSolutionNode = FALSE
	EndGlobalSection
	GlobalSection(ExtensibilityGlobals) = postSolution
		SolutionGuid = {4F3B7344-65FD-4FDA-ACA1-5BE476BC538E}
	EndGlobalSection
EndGlobal
